
Microsoft Visual Studio Solution File, Format Version 12.00
# Visual Studio Version 17
VisualStudioVersion = 17.0.32112.339
MinimumVisualStudioVersion = 10.0.40219.1
Project("{2150E333-8FDC-42A3-9474-1A3956D46DE8}") = "src", "src", "{3BB26758-E35A-4E5C-BF4C-70E9CE85775F}"
EndProject
Project("{9A19103F-16F7-4668-BE54-9A1E7A4F7556}") = "GameStreamer.Domain", "src\GameStreamer.Domain\GameStreamer.Domain.csproj", "{DDE4374F-ED1B-4FF3-9FCF-A6527CC8E93F}"
EndProject
Project("{9A19103F-16F7-4668-BE54-9A1E7A4F7556}") = "GameStreamer.Application", "src\GameStreamer.Application\GameStreamer.Application.csproj", "{F3EB2EC7-3584-48D7-9727-05B59DA8D41A}"
EndProject
Project("{9A19103F-16F7-4668-BE54-9A1E7A4F7556}") = "GameStreamer.Infrastructure", "src\GameStreamer.Infrastructure\GameStreamer.Infrastructure.csproj", "{39B66C54-B894-4CC1-9FBA-A31B6DCD1DC0}"
EndProject
Project("{9A19103F-16F7-4668-BE54-9A1E7A4F7556}") = "GameStreamer.Presentation", "src\GameStreamer.Presentation\GameStreamer.Presentation.csproj", "{863104B3-9D24-40E4-86EB-FE92795B5E41}"
EndProject
Project("{9A19103F-16F7-4668-BE54-9A1E7A4F7556}") = "GameStreamer.UI", "src\GameStreamer.UI\GameStreamer.UI.csproj", "{B13FE781-DEAA-4E03-8C12-31FDB5FA3363}"
EndProject
Project("{2150E333-8FDC-42A3-9474-1A3956D46DE8}") = "tests", "tests", "{64C4E809-6F7A-49BC-BD1B-B6BAA8981B9C}"
EndProject
Project("{9A19103F-16F7-4668-BE54-9A1E7A4F7556}") = "GameStreamer.Architecture.Tests", "tests\GameStreamer.Architecture.Tests\GameStreamer.Architecture.Tests.csproj", "{1F62F72D-12BB-4764-BFBB-7AB55E99E996}"
EndProject
Global
	GlobalSection(SolutionConfigurationPlatforms) = preSolution
		Debug|Any CPU = Debug|Any CPU
		Release|Any CPU = Release|Any CPU
	EndGlobalSection
	GlobalSection(ProjectConfigurationPlatforms) = postSolution
		{DDE4374F-ED1B-4FF3-9FCF-A6527CC8E93F}.Debug|Any CPU.ActiveCfg = Debug|Any CPU
		{DDE4374F-ED1B-4FF3-9FCF-A6527CC8E93F}.Debug|Any CPU.Build.0 = Debug|Any CPU
		{DDE4374F-ED1B-4FF3-9FCF-A6527CC8E93F}.Release|Any CPU.ActiveCfg = Release|Any CPU
		{DDE4374F-ED1B-4FF3-9FCF-A6527CC8E93F}.Release|Any CPU.Build.0 = Release|Any CPU
		{F3EB2EC7-3584-48D7-9727-05B59DA8D41A}.Debug|Any CPU.ActiveCfg = Debug|Any CPU
		{F3EB2EC7-3584-48D7-9727-05B59DA8D41A}.Debug|Any CPU.Build.0 = Debug|Any CPU
		{F3EB2EC7-3584-48D7-9727-05B59DA8D41A}.Release|Any CPU.ActiveCfg = Release|Any CPU
		{F3EB2EC7-3584-48D7-9727-05B59DA8D41A}.Release|Any CPU.Build.0 = Release|Any CPU
		{39B66C54-B894-4CC1-9FBA-A31B6DCD1DC0}.Debug|Any CPU.ActiveCfg = Debug|Any CPU
		{39B66C54-B894-4CC1-9FBA-A31B6DCD1DC0}.Debug|Any CPU.Build.0 = Debug|Any CPU
		{39B66C54-B894-4CC1-9FBA-A31B6DCD1DC0}.Release|Any CPU.ActiveCfg = Release|Any CPU
		{39B66C54-B894-4CC1-9FBA-A31B6DCD1DC0}.Release|Any CPU.Build.0 = Release|Any CPU
		{863104B3-9D24-40E4-86EB-FE92795B5E41}.Debug|Any CPU.ActiveCfg = Debug|Any CPU
		{863104B3-9D24-40E4-86EB-FE92795B5E41}.Debug|Any CPU.Build.0 = Debug|Any CPU
		{863104B3-9D24-40E4-86EB-FE92795B5E41}.Release|Any CPU.ActiveCfg = Release|Any CPU
		{863104B3-9D24-40E4-86EB-FE92795B5E41}.Release|Any CPU.Build.0 = Release|Any CPU
		{B13FE781-DEAA-4E03-8C12-31FDB5FA3363}.Debug|Any CPU.ActiveCfg = Debug|Any CPU
		{B13FE781-DEAA-4E03-8C12-31FDB5FA3363}.Debug|Any CPU.Build.0 = Debug|Any CPU
		{B13FE781-DEAA-4E03-8C12-31FDB5FA3363}.Release|Any CPU.ActiveCfg = Release|Any CPU
		{B13FE781-DEAA-4E03-8C12-31FDB5FA3363}.Release|Any CPU.Build.0 = Release|Any CPU
		{1F62F72D-12BB-4764-BFBB-7AB55E99E996}.Debug|Any CPU.ActiveCfg = Debug|Any CPU
		{1F62F72D-12BB-4764-BFBB-7AB55E99E996}.Debug|Any CPU.Build.0 = Debug|Any CPU
		{1F62F72D-12BB-4764-BFBB-7AB55E99E996}.Release|Any CPU.ActiveCfg = Release|Any CPU
		{1F62F72D-12BB-4764-BFBB-7AB55E99E996}.Release|Any CPU.Build.0 = Release|Any CPU
	EndGlobalSection
	GlobalSection(SolutionProperties) = preSolution
		HideSolutionNode = FALSE
	EndGlobalSection
	GlobalSection(NestedProjects) = preSolution
		{DDE4374F-ED1B-4FF3-9FCF-A6527CC8E93F} = {3BB26758-E35A-4E5C-BF4C-70E9CE85775F}
		{F3EB2EC7-3584-48D7-9727-05B59DA8D41A} = {3BB26758-E35A-4E5C-BF4C-70E9CE85775F}
		{39B66C54-B894-4CC1-9FBA-A31B6DCD1DC0} = {3BB26758-E35A-4E5C-BF4C-70E9CE85775F}
		{863104B3-9D24-40E4-86EB-FE92795B5E41} = {3BB26758-E35A-4E5C-BF4C-70E9CE85775F}
		{B13FE781-DEAA-4E03-8C12-31FDB5FA3363} = {3BB26758-E35A-4E5C-BF4C-70E9CE85775F}
		{1F62F72D-12BB-4764-BFBB-7AB55E99E996} = {64C4E809-6F7A-49BC-BD1B-B6BAA8981B9C}
	EndGlobalSection
	GlobalSection(ExtensibilityGlobals) = postSolution
		SolutionGuid = {69F50C04-E687-46C8-ADE3-40E8D28C4A12}
	EndGlobalSection
EndGlobal
